
Microsoft Visual Studio Solution File, Format Version 12.00
# Visual Studio Version 17
VisualStudioVersion = 17.0.31912.275
MinimumVisualStudioVersion = 10.0.40219.1
Project("{FAE04EC0-301F-11D3-BF4B-00C04F79EFBC}") = "AYSOScoreSheetGenerator", "AYSOScoreSheetGenerator\AYSOScoreSheetGenerator.csproj", "{94DC4CFB-C5DA-4CB3-A6C9-D9AFFA66238D}"
EndProject
Global
	GlobalSection(SolutionConfigurationPlatforms) = preSolution
		Debug|Any CPU = Debug|Any CPU
		Release|Any CPU = Release|Any CPU
	EndGlobalSection
	GlobalSection(ProjectConfigurationPlatforms) = postSolution
		{94DC4CFB-C5DA-4CB3-A6C9-D9AFFA66238D}.Debug|Any CPU.ActiveCfg = Debug|Any CPU
		{94DC4CFB-C5DA-4CB3-A6C9-D9AFFA66238D}.Debug|Any CPU.Build.0 = Debug|Any CPU
		{94DC4CFB-C5DA-4CB3-A6C9-D9AFFA66238D}.Release|Any CPU.ActiveCfg = Release|Any CPU
		{94DC4CFB-C5DA-4CB3-A6C9-D9AFFA66238D}.Release|Any CPU.Build.0 = Release|Any CPU
	EndGlobalSection
	GlobalSection(SolutionProperties) = preSolution
		HideSolutionNode = FALSE
	EndGlobalSection
	GlobalSection(ExtensibilityGlobals) = postSolution
		SolutionGuid = {FC667AFC-6E34-4BD4-A43C-EE70AEB7A889}
	EndGlobalSection
EndGlobal
